
Microsoft Visual Studio Solution File, Format Version 12.00
# Visual Studio Version 17
VisualStudioVersion = 17.10.35122.118
MinimumVisualStudioVersion = 10.0.40219.1
Project("{888888A0-9F3D-457C-B088-3A5042F75D52}") = "pai project", "pai project.pyproj", "{7662399F-4D4C-4FF4-B610-4113E4791DC4}"
EndProject
Global
	GlobalSection(SolutionConfigurationPlatforms) = preSolution
		Debug|Any CPU = Debug|Any CPU
		Release|Any CPU = Release|Any CPU
	EndGlobalSection
	GlobalSection(ProjectConfigurationPlatforms) = postSolution
		{7662399F-4D4C-4FF4-B610-4113E4791DC4}.Debug|Any CPU.ActiveCfg = Debug|Any CPU
		{7662399F-4D4C-4FF4-B610-4113E4791DC4}.Release|Any CPU.ActiveCfg = Release|Any CPU
	EndGlobalSection
	GlobalSection(SolutionProperties) = preSolution
		HideSolutionNode = FALSE
	EndGlobalSection
	GlobalSection(ExtensibilityGlobals) = postSolution
		SolutionGuid = {C0C6CD9B-D276-4060-8B71-C4F98CB7D0DC}
	EndGlobalSection
EndGlobal
